
Microsoft Visual Studio Solution File, Format Version 12.00
# Visual Studio 2013
VisualStudioVersion = 12.0.31101.0
MinimumVisualStudioVersion = 10.0.40219.1
Project("{FAE04EC0-301F-11D3-BF4B-00C04F79EFBC}") = "Tetris", "Tetris\Tetris.csproj", "{E92AAE8B-4E34-492C-A570-1C313D541CAE}"
EndProject
Global
	GlobalSection(SolutionConfigurationPlatforms) = preSolution
		Debug|Any CPU = Debug|Any CPU
		Release|Any CPU = Release|Any CPU
	EndGlobalSection
	GlobalSection(ProjectConfigurationPlatforms) = postSolution
		{E92AAE8B-4E34-492C-A570-1C313D541CAE}.Debug|Any CPU.ActiveCfg = Debug|Any CPU
		{E92AAE8B-4E34-492C-A570-1C313D541CAE}.Debug|Any CPU.Build.0 = Debug|Any CPU
		{E92AAE8B-4E34-492C-A570-1C313D541CAE}.Release|Any CPU.ActiveCfg = Release|Any CPU
		{E92AAE8B-4E34-492C-A570-1C313D541CAE}.Release|Any CPU.Build.0 = Release|Any CPU
	EndGlobalSection
	GlobalSection(SolutionProperties) = preSolution
		HideSolutionNode = FALSE
	EndGlobalSection
EndGlobal
